
Microsoft Visual Studio Solution File, Format Version 12.00
# Visual Studio Version 17
VisualStudioVersion = 17.10.35004.147
MinimumVisualStudioVersion = 10.0.40219.1
Project("{FAE04EC0-301F-11D3-BF4B-00C04F79EFBC}") = "InFornoWebApp", "InFornoWebApp\InFornoWebApp.csproj", "{09E71DF9-5DE1-463C-8562-157091DF5F56}"
EndProject
Global
	GlobalSection(SolutionConfigurationPlatforms) = preSolution
		Debug|Any CPU = Debug|Any CPU
		Release|Any CPU = Release|Any CPU
	EndGlobalSection
	GlobalSection(ProjectConfigurationPlatforms) = postSolution
		{09E71DF9-5DE1-463C-8562-157091DF5F56}.Debug|Any CPU.ActiveCfg = Debug|Any CPU
		{09E71DF9-5DE1-463C-8562-157091DF5F56}.Debug|Any CPU.Build.0 = Debug|Any CPU
		{09E71DF9-5DE1-463C-8562-157091DF5F56}.Release|Any CPU.ActiveCfg = Release|Any CPU
		{09E71DF9-5DE1-463C-8562-157091DF5F56}.Release|Any CPU.Build.0 = Release|Any CPU
	EndGlobalSection
	GlobalSection(SolutionProperties) = preSolution
		HideSolutionNode = FALSE
	EndGlobalSection
	GlobalSection(ExtensibilityGlobals) = postSolution
		SolutionGuid = {EA0ED0BA-E9BE-4123-BCEF-3F1E6F9B8EDA}
	EndGlobalSection
EndGlobal
